
Microsoft Visual Studio Solution File, Format Version 12.00
# Visual Studio Version 17
VisualStudioVersion = 17.0.31903.59
MinimumVisualStudioVersion = 10.0.40219.1
Project("{9A19103F-16F7-4668-BE54-9A1E7A4F7556}") = "bot_test", "bot_test.csproj", "{31954A20-7552-4CC2-A781-1764C47A3007}"
EndProject
Project("{FAE04EC0-301F-11D3-BF4B-00C04F79EFBC}") = "client", "..\client\client.csproj", "{35350B3B-B065-4943-94D8-A743E75D1645}"
EndProject
Global
	GlobalSection(SolutionConfigurationPlatforms) = preSolution
		Debug|Any CPU = Debug|Any CPU
		Release|Any CPU = Release|Any CPU
	EndGlobalSection
	GlobalSection(ProjectConfigurationPlatforms) = postSolution
		{31954A20-7552-4CC2-A781-1764C47A3007}.Debug|Any CPU.ActiveCfg = Debug|Any CPU
		{31954A20-7552-4CC2-A781-1764C47A3007}.Debug|Any CPU.Build.0 = Debug|Any CPU
		{31954A20-7552-4CC2-A781-1764C47A3007}.Release|Any CPU.ActiveCfg = Release|Any CPU
		{31954A20-7552-4CC2-A781-1764C47A3007}.Release|Any CPU.Build.0 = Release|Any CPU
		{35350B3B-B065-4943-94D8-A743E75D1645}.Debug|Any CPU.ActiveCfg = Debug|Any CPU
		{35350B3B-B065-4943-94D8-A743E75D1645}.Debug|Any CPU.Build.0 = Debug|Any CPU
		{35350B3B-B065-4943-94D8-A743E75D1645}.Release|Any CPU.ActiveCfg = Release|Any CPU
		{35350B3B-B065-4943-94D8-A743E75D1645}.Release|Any CPU.Build.0 = Release|Any CPU
	EndGlobalSection
	GlobalSection(SolutionProperties) = preSolution
		HideSolutionNode = FALSE
	EndGlobalSection
	GlobalSection(ExtensibilityGlobals) = postSolution
		SolutionGuid = {9CBE2511-11A9-421D-B6F3-697CC0C768F4}
	EndGlobalSection
EndGlobal
